
Microsoft Visual Studio Solution File, Format Version 11.00
# Visual Studio 2010
Project("{FAE04EC0-301F-11D3-BF4B-00C04F79EFBC}") = "RepairManage", "RepairManage\RepairManage.csproj", "{8BC78C06-99B2-4EEA-B968-CF6D595CA2DE}"
EndProject
Global
	GlobalSection(SolutionConfigurationPlatforms) = preSolution
		Debug|Any CPU = Debug|Any CPU
		Release|Any CPU = Release|Any CPU
	EndGlobalSection
	GlobalSection(ProjectConfigurationPlatforms) = postSolution
		{8BC78C06-99B2-4EEA-B968-CF6D595CA2DE}.Debug|Any CPU.ActiveCfg = Debug|Any CPU
		{8BC78C06-99B2-4EEA-B968-CF6D595CA2DE}.Debug|Any CPU.Build.0 = Debug|Any CPU
		{8BC78C06-99B2-4EEA-B968-CF6D595CA2DE}.Release|Any CPU.ActiveCfg = Release|Any CPU
		{8BC78C06-99B2-4EEA-B968-CF6D595CA2DE}.Release|Any CPU.Build.0 = Release|Any CPU
	EndGlobalSection
	GlobalSection(SolutionProperties) = preSolution
		HideSolutionNode = FALSE
	EndGlobalSection
EndGlobal
